
Microsoft Visual Studio Solution File, Format Version 12.00
# Visual Studio Version 16
VisualStudioVersion = 25.0.1706.4
MinimumVisualStudioVersion = 10.0.40219.1
Project("{FAE04EC0-301F-11D3-BF4B-00C04F79EFBC}") = "DataProcessingApplication", "DataProcessingApplication.csproj", "{83CF92F5-4C26-40A8-807C-E810575E6D1F}"
EndProject
Global
	GlobalSection(SolutionConfigurationPlatforms) = preSolution
		Debug|Any CPU = Debug|Any CPU
		Release|Any CPU = Release|Any CPU
	EndGlobalSection
	GlobalSection(ProjectConfigurationPlatforms) = postSolution
		{83CF92F5-4C26-40A8-807C-E810575E6D1F}.Debug|Any CPU.ActiveCfg = Debug|Any CPU
		{83CF92F5-4C26-40A8-807C-E810575E6D1F}.Debug|Any CPU.Build.0 = Debug|Any CPU
		{83CF92F5-4C26-40A8-807C-E810575E6D1F}.Release|Any CPU.ActiveCfg = Release|Any CPU
		{83CF92F5-4C26-40A8-807C-E810575E6D1F}.Release|Any CPU.Build.0 = Release|Any CPU
	EndGlobalSection
	GlobalSection(SolutionProperties) = preSolution
		HideSolutionNode = FALSE
	EndGlobalSection
	GlobalSection(ExtensibilityGlobals) = postSolution
		SolutionGuid = {831A5A49-0529-4611-BA8B-75FAE24CE13C}
	EndGlobalSection
EndGlobal
